// !$*UTF8*$!
{
	archiveVersion = 1;
	classes = {
	};
	objectVersion = 51;
	objects = {

/* Begin PBXBuildFile section */
		341BE4F124EEF8680013FF29 /* RingView.swift in Sources */ = {isa = PBXBuildFile; fileRef = 341BE4F024EEF8680013FF29 /* RingView.swift */; };
		341BE4F324EF02770013FF29 /* AutoColorRing.swift in Sources */ = {isa = PBXBuildFile; fileRef = 341BE4F224EF02770013FF29 /* AutoColorRing.swift */; };
		3462625724EB021E00C58F90 /* PlayerList.swift in Sources */ = {isa = PBXBuildFile; fileRef = 3462625624EB021E00C58F90 /* PlayerList.swift */; };
		3462625924EB0C7900C58F90 /* PlayerModel.swift in Sources */ = {isa = PBXBuildFile; fileRef = 3462625824EB0C7900C58F90 /* PlayerModel.swift */; };
		347E567024DF14520067F5AB /* AppDelegate.swift in Sources */ = {isa = PBXBuildFile; fileRef = 347E566F24DF14520067F5AB /* AppDelegate.swift */; };
		347E567224DF14520067F5AB /* SceneDelegate.swift in Sources */ = {isa = PBXBuildFile; fileRef = 347E567124DF14520067F5AB /* SceneDelegate.swift */; };
		347E567424DF14520067F5AB /* ContentView.swift in Sources */ = {isa = PBXBuildFile; fileRef = 347E567324DF14520067F5AB /* ContentView.swift */; };
		347E567624DF14550067F5AB /* Assets.xcassets in Resources */ = {isa = PBXBuildFile; fileRef = 347E567524DF14550067F5AB /* Assets.xcassets */; };
		347E567924DF14550067F5AB /* Preview Assets.xcassets in Resources */ = {isa = PBXBuildFile; fileRef = 347E567824DF14550067F5AB /* Preview Assets.xcassets */; };
		347E567C24DF14550067F5AB /* LaunchScreen.storyboard in Resources */ = {isa = PBXBuildFile; fileRef = 347E567A24DF14550067F5AB /* LaunchScreen.storyboard */; };
		3497431A24ED69EC00048315 /* SMPlayerSearchResponseModel.swift in Sources */ = {isa = PBXBuildFile; fileRef = 3497431924ED69EB00048315 /* SMPlayerSearchResponseModel.swift */; };
		349E920824EB109500D43A8A /* PlayerResponseModel.swift in Sources */ = {isa = PBXBuildFile; fileRef = 349E920724EB109500D43A8A /* PlayerResponseModel.swift */; };
		349E920B24EC53D400D43A8A /* APISession.swift in Sources */ = {isa = PBXBuildFile; fileRef = 349E920A24EC53D400D43A8A /* APISession.swift */; };
		349E920D24EC540D00D43A8A /* APIProtocols.swift in Sources */ = {isa = PBXBuildFile; fileRef = 349E920C24EC540D00D43A8A /* APIProtocols.swift */; };
		349E921024EC55E400D43A8A /* PlayerAPIProtocols.swift in Sources */ = {isa = PBXBuildFile; fileRef = 349E920F24EC55E400D43A8A /* PlayerAPIProtocols.swift */; };
		349E921224EC56AE00D43A8A /* Endpoints.swift in Sources */ = {isa = PBXBuildFile; fileRef = 349E921124EC56AE00D43A8A /* Endpoints.swift */; };
		349E921724EC580A00D43A8A /* PlayerListViewModel.swift in Sources */ = {isa = PBXBuildFile; fileRef = 349E921624EC580A00D43A8A /* PlayerListViewModel.swift */; };
		34B51C6A24DF157B007D9108 /* PlayerDetail.swift in Sources */ = {isa = PBXBuildFile; fileRef = 34B51C6924DF157B007D9108 /* PlayerDetail.swift */; };
		6B103BB726A9C72D00E32449 /* RequestBuilderProtocol.swift in Sources */ = {isa = PBXBuildFile; fileRef = 6B103BB626A9C72D00E32449 /* RequestBuilderProtocol.swift */; };
		6B4B1D4E26B8428300BC7CCB /* ChampionshipPath.swift in Sources */ = {isa = PBXBuildFile; fileRef = 6B4B1D4D26B8428300BC7CCB /* ChampionshipPath.swift */; };
		6B9E1BD326AC722D00A9D6D5 /* GoogleService-Info.plist in Resources */ = {isa = PBXBuildFile; fileRef = 6B9E1BD226AC722D00A9D6D5 /* GoogleService-Info.plist */; };
		6BBAE12026B71D1D004FDD8D /* UIWindow.swift in Sources */ = {isa = PBXBuildFile; fileRef = 6BBAE11F26B71D1D004FDD8D /* UIWindow.swift */; };
		6BBAE12326B72058004FDD8D /* MainView.swift in Sources */ = {isa = PBXBuildFile; fileRef = 6BBAE12226B72058004FDD8D /* MainView.swift */; };
		6BC8D3CD26890A350010D378 /* ApisportsAPICall.swift in Sources */ = {isa = PBXBuildFile; fileRef = 6BC8D3CC26890A350010D378 /* ApisportsAPICall.swift */; };
		6BC8D3D126890A690010D378 /* SportsMonksAPICall.swift in Sources */ = {isa = PBXBuildFile; fileRef = 6BC8D3D026890A690010D378 /* SportsMonksAPICall.swift */; };
/* End PBXBuildFile section */

/* Begin PBXFileReference section */
		341BE4F024EEF8680013FF29 /* RingView.swift */ = {isa = PBXFileReference; lastKnownFileType = sourcecode.swift; path = RingView.swift; sourceTree = "<group>"; };
		341BE4F224EF02770013FF29 /* AutoColorRing.swift */ = {isa = PBXFileReference; lastKnownFileType = sourcecode.swift; path = AutoColorRing.swift; sourceTree = "<group>"; };
		3462625624EB021E00C58F90 /* PlayerList.swift */ = {isa = PBXFileReference; lastKnownFileType = sourcecode.swift; path = PlayerList.swift; sourceTree = "<group>"; };
		3462625824EB0C7900C58F90 /* PlayerModel.swift */ = {isa = PBXFileReference; lastKnownFileType = sourcecode.swift; path = PlayerModel.swift; sourceTree = "<group>"; };
		347E566C24DF14520067F5AB /* ScoreBoard.app */ = {isa = PBXFileReference; explicitFileType = wrapper.application; includeInIndex = 0; path = ScoreBoard.app; sourceTree = BUILT_PRODUCTS_DIR; };
		347E566F24DF14520067F5AB /* AppDelegate.swift */ = {isa = PBXFileReference; lastKnownFileType = sourcecode.swift; path = AppDelegate.swift; sourceTree = "<group>"; };
		347E567124DF14520067F5AB /* SceneDelegate.swift */ = {isa = PBXFileReference; lastKnownFileType = sourcecode.swift; path = SceneDelegate.swift; sourceTree = "<group>"; };
		347E567324DF14520067F5AB /* ContentView.swift */ = {isa = PBXFileReference; lastKnownFileType = sourcecode.swift; path = ContentView.swift; sourceTree = "<group>"; };
		347E567524DF14550067F5AB /* Assets.xcassets */ = {isa = PBXFileReference; lastKnownFileType = folder.assetcatalog; path = Assets.xcassets; sourceTree = "<group>"; };
		347E567824DF14550067F5AB /* Preview Assets.xcassets */ = {isa = PBXFileReference; lastKnownFileType = folder.assetcatalog; path = "Preview Assets.xcassets"; sourceTree = "<group>"; };
		347E567B24DF14550067F5AB /* Base */ = {isa = PBXFileReference; lastKnownFileType = file.storyboard; name = Base; path = Base.lproj/LaunchScreen.storyboard; sourceTree = "<group>"; };
		347E567D24DF14550067F5AB /* Info.plist */ = {isa = PBXFileReference; lastKnownFileType = text.plist.xml; path = Info.plist; sourceTree = "<group>"; };
		3497431924ED69EB00048315 /* SMPlayerSearchResponseModel.swift */ = {isa = PBXFileReference; lastKnownFileType = sourcecode.swift; path = SMPlayerSearchResponseModel.swift; sourceTree = "<group>"; };
		349E920724EB109500D43A8A /* PlayerResponseModel.swift */ = {isa = PBXFileReference; lastKnownFileType = sourcecode.swift; path = PlayerResponseModel.swift; sourceTree = "<group>"; };
		349E920A24EC53D400D43A8A /* APISession.swift */ = {isa = PBXFileReference; lastKnownFileType = sourcecode.swift; path = APISession.swift; sourceTree = "<group>"; };
		349E920C24EC540D00D43A8A /* APIProtocols.swift */ = {isa = PBXFileReference; lastKnownFileType = sourcecode.swift; path = APIProtocols.swift; sourceTree = "<group>"; };
		349E920F24EC55E400D43A8A /* PlayerAPIProtocols.swift */ = {isa = PBXFileReference; lastKnownFileType = sourcecode.swift; path = PlayerAPIProtocols.swift; sourceTree = "<group>"; };
		349E921124EC56AE00D43A8A /* Endpoints.swift */ = {isa = PBXFileReference; lastKnownFileType = sourcecode.swift; path = Endpoints.swift; sourceTree = "<group>"; };
		349E921624EC580A00D43A8A /* PlayerListViewModel.swift */ = {isa = PBXFileReference; lastKnownFileType = sourcecode.swift; path = PlayerListViewModel.swift; sourceTree = "<group>"; };
		34B51C6924DF157B007D9108 /* PlayerDetail.swift */ = {isa = PBXFileReference; lastKnownFileType = sourcecode.swift; path = PlayerDetail.swift; sourceTree = "<group>"; };
		6B103BB626A9C72D00E32449 /* RequestBuilderProtocol.swift */ = {isa = PBXFileReference; lastKnownFileType = sourcecode.swift; path = RequestBuilderProtocol.swift; sourceTree = "<group>"; };
		6B4B1D4D26B8428300BC7CCB /* ChampionshipPath.swift */ = {isa = PBXFileReference; lastKnownFileType = sourcecode.swift; path = ChampionshipPath.swift; sourceTree = "<group>"; };
		6B9E1BD226AC722D00A9D6D5 /* GoogleService-Info.plist */ = {isa = PBXFileReference; fileEncoding = 4; lastKnownFileType = text.plist.xml; path = "GoogleService-Info.plist"; sourceTree = "<group>"; };
		6BBAE11F26B71D1D004FDD8D /* UIWindow.swift */ = {isa = PBXFileReference; lastKnownFileType = sourcecode.swift; path = UIWindow.swift; sourceTree = "<group>"; };
		6BBAE12226B72058004FDD8D /* MainView.swift */ = {isa = PBXFileReference; lastKnownFileType = sourcecode.swift; path = MainView.swift; sourceTree = "<group>"; };
		6BC8D3CC26890A350010D378 /* ApisportsAPICall.swift */ = {isa = PBXFileReference; lastKnownFileType = sourcecode.swift; path = ApisportsAPICall.swift; sourceTree = "<group>"; };
		6BC8D3D026890A690010D378 /* SportsMonksAPICall.swift */ = {isa = PBXFileReference; lastKnownFileType = sourcecode.swift; path = SportsMonksAPICall.swift; sourceTree = "<group>"; };
		6BD81BAF26933CFF0018AF33 /* es */ = {isa = PBXFileReference; lastKnownFileType = text.plist.strings; name = es; path = es.lproj/LaunchScreen.strings; sourceTree = "<group>"; };
/* End PBXFileReference section */

/* Begin PBXFrameworksBuildPhase section */
		347E566924DF14520067F5AB /* Frameworks */ = {
			isa = PBXFrameworksBuildPhase;
			buildActionMask = 2147483647;
			files = (
			);
			runOnlyForDeploymentPostprocessing = 0;
		};
/* End PBXFrameworksBuildPhase section */

/* Begin PBXGroup section */
		341BE4EF24EEF8510013FF29 /* Views */ = {
			isa = PBXGroup;
			children = (
				341BE4F024EEF8680013FF29 /* RingView.swift */,
				341BE4F224EF02770013FF29 /* AutoColorRing.swift */,
			);
			path = Views;
			sourceTree = "<group>";
		};
		347E566324DF14520067F5AB = {
			isa = PBXGroup;
			children = (
				6B9E1BD226AC722D00A9D6D5 /* GoogleService-Info.plist */,
				347E566E24DF14520067F5AB /* ScoreBoard */,
				347E566D24DF14520067F5AB /* Products */,
				F9ECB9214E1BD5050B6A352D /* Pods */,
			);
			sourceTree = "<group>";
		};
		347E566D24DF14520067F5AB /* Products */ = {
			isa = PBXGroup;
			children = (
				347E566C24DF14520067F5AB /* ScoreBoard.app */,
			);
			name = Products;
			sourceTree = "<group>";
		};
		347E566E24DF14520067F5AB /* ScoreBoard */ = {
			isa = PBXGroup;
			children = (
				6BBAE12126B72031004FDD8D /* Views */,
				349E921324EC570400D43A8A /* Player */,
				349E920E24EC54F800D43A8A /* PlayerAPI */,
				349E920924EC539300D43A8A /* API */,
				347E566F24DF14520067F5AB /* AppDelegate.swift */,
				347E567124DF14520067F5AB /* SceneDelegate.swift */,
				347E567324DF14520067F5AB /* ContentView.swift */,
				347E567524DF14550067F5AB /* Assets.xcassets */,
				347E567A24DF14550067F5AB /* LaunchScreen.storyboard */,
				347E567D24DF14550067F5AB /* Info.plist */,
				347E567724DF14550067F5AB /* Preview Content */,
				6BBAE11E26B71CE2004FDD8D /* Extensions */,
			);
			path = ScoreBoard;
			sourceTree = "<group>";
		};
		347E567724DF14550067F5AB /* Preview Content */ = {
			isa = PBXGroup;
			children = (
				347E567824DF14550067F5AB /* Preview Assets.xcassets */,
			);
			path = "Preview Content";
			sourceTree = "<group>";
		};
		3497431824ED69A100048315 /* sportMonks */ = {
			isa = PBXGroup;
			children = (
				3497431924ED69EB00048315 /* SMPlayerSearchResponseModel.swift */,
			);
			path = sportMonks;
			sourceTree = "<group>";
		};
		349E920924EC539300D43A8A /* API */ = {
			isa = PBXGroup;
			children = (
				6B103BB926A9C77E00E32449 /* Layer */,
				6BC8D3CB26890A180010D378 /* Endpoints */,
				349E920A24EC53D400D43A8A /* APISession.swift */,
				349E920C24EC540D00D43A8A /* APIProtocols.swift */,
			);
			path = API;
			sourceTree = "<group>";
		};
		349E920E24EC54F800D43A8A /* PlayerAPI */ = {
			isa = PBXGroup;
			children = (
				349E920F24EC55E400D43A8A /* PlayerAPIProtocols.swift */,
			);
			path = PlayerAPI;
			sourceTree = "<group>";
		};
		349E921324EC570400D43A8A /* Player */ = {
			isa = PBXGroup;
			children = (
				341BE4EF24EEF8510013FF29 /* Views */,
				349E921824EC5DBC00D43A8A /* Detail */,
				349E921524EC57F100D43A8A /* List */,
				349E921424EC571600D43A8A /* Model */,
			);
			path = Player;
			sourceTree = "<group>";
		};
		349E921424EC571600D43A8A /* Model */ = {
			isa = PBXGroup;
			children = (
				3497431824ED69A100048315 /* sportMonks */,
				349E920724EB109500D43A8A /* PlayerResponseModel.swift */,
				3462625824EB0C7900C58F90 /* PlayerModel.swift */,
			);
			path = Model;
			sourceTree = "<group>";
		};
		349E921524EC57F100D43A8A /* List */ = {
			isa = PBXGroup;
			children = (
				3462625624EB021E00C58F90 /* PlayerList.swift */,
				349E921624EC580A00D43A8A /* PlayerListViewModel.swift */,
			);
			path = List;
			sourceTree = "<group>";
		};
		349E921824EC5DBC00D43A8A /* Detail */ = {
			isa = PBXGroup;
			children = (
				34B51C6924DF157B007D9108 /* PlayerDetail.swift */,
			);
			path = Detail;
			sourceTree = "<group>";
		};
		6B103BB926A9C77E00E32449 /* Layer */ = {
			isa = PBXGroup;
			children = (
				6B103BB626A9C72D00E32449 /* RequestBuilderProtocol.swift */,
			);
			path = Layer;
			sourceTree = "<group>";
		};
		6BBAE11E26B71CE2004FDD8D /* Extensions */ = {
			isa = PBXGroup;
			children = (
				6BBAE11F26B71D1D004FDD8D /* UIWindow.swift */,
			);
			path = Extensions;
			sourceTree = "<group>";
		};
		6BBAE12126B72031004FDD8D /* Views */ = {
			isa = PBXGroup;
			children = (
				6BBAE12226B72058004FDD8D /* MainView.swift */,
				6B4B1D4D26B8428300BC7CCB /* ChampionshipPath.swift */,
			);
			path = Views;
			sourceTree = "<group>";
		};
		6BC8D3CB26890A180010D378 /* Endpoints */ = {
			isa = PBXGroup;
			children = (
				349E921124EC56AE00D43A8A /* Endpoints.swift */,
				6BC8D3CC26890A350010D378 /* ApisportsAPICall.swift */,
				6BC8D3D026890A690010D378 /* SportsMonksAPICall.swift */,
			);
			path = Endpoints;
			sourceTree = "<group>";
		};
		F9ECB9214E1BD5050B6A352D /* Pods */ = {
			isa = PBXGroup;
			children = (
			);
			path = Pods;
			sourceTree = "<group>";
		};
/* End PBXGroup section */

/* Begin PBXNativeTarget section */
		347E566B24DF14520067F5AB /* ScoreBoard */ = {
			isa = PBXNativeTarget;
			buildConfigurationList = 347E568024DF14550067F5AB /* Build configuration list for PBXNativeTarget "ScoreBoard" */;
			buildPhases = (
				347E566824DF14520067F5AB /* Sources */,
				347E566924DF14520067F5AB /* Frameworks */,
				347E566A24DF14520067F5AB /* Resources */,
			);
			buildRules = (
			);
			dependencies = (
			);
			name = ScoreBoard;
			productName = ScoreBoard;
			productReference = 347E566C24DF14520067F5AB /* ScoreBoard.app */;
			productType = "com.apple.product-type.application";
		};
/* End PBXNativeTarget section */

/* Begin PBXProject section */
		347E566424DF14520067F5AB /* Project object */ = {
			isa = PBXProject;
			attributes = {
				LastSwiftUpdateCheck = 1120;
				LastUpgradeCheck = 1120;
				ORGANIZATIONNAME = Iflet.tech;
				TargetAttributes = {
					347E566B24DF14520067F5AB = {
						CreatedOnToolsVersion = 11.2;
					};
				};
			};
			buildConfigurationList = 347E566724DF14520067F5AB /* Build configuration list for PBXProject "ScoreBoard" */;
			compatibilityVersion = "Xcode 9.3";
			developmentRegion = en;
			hasScannedForEncodings = 0;
			knownRegions = (
				en,
				Base,
				es,
			);
			mainGroup = 347E566324DF14520067F5AB;
			productRefGroup = 347E566D24DF14520067F5AB /* Products */;
			projectDirPath = "";
			projectRoot = "";
			targets = (
				347E566B24DF14520067F5AB /* ScoreBoard */,
			);
		};
/* End PBXProject section */

/* Begin PBXResourcesBuildPhase section */
		347E566A24DF14520067F5AB /* Resources */ = {
			isa = PBXResourcesBuildPhase;
			buildActionMask = 2147483647;
			files = (
				347E567C24DF14550067F5AB /* LaunchScreen.storyboard in Resources */,
				347E567924DF14550067F5AB /* Preview Assets.xcassets in Resources */,
				347E567624DF14550067F5AB /* Assets.xcassets in Resources */,
				6B9E1BD326AC722D00A9D6D5 /* GoogleService-Info.plist in Resources */,
			);
			runOnlyForDeploymentPostprocessing = 0;
		};
/* End PBXResourcesBuildPhase section */

/* Begin PBXSourcesBuildPhase section */
		347E566824DF14520067F5AB /* Sources */ = {
			isa = PBXSourcesBuildPhase;
			buildActionMask = 2147483647;
			files = (
				3462625924EB0C7900C58F90 /* PlayerModel.swift in Sources */,
				6BC8D3D126890A690010D378 /* SportsMonksAPICall.swift in Sources */,
				349E920B24EC53D400D43A8A /* APISession.swift in Sources */,
				6BBAE12026B71D1D004FDD8D /* UIWindow.swift in Sources */,
				349E921224EC56AE00D43A8A /* Endpoints.swift in Sources */,
				341BE4F324EF02770013FF29 /* AutoColorRing.swift in Sources */,
				6B103BB726A9C72D00E32449 /* RequestBuilderProtocol.swift in Sources */,
				347E567024DF14520067F5AB /* AppDelegate.swift in Sources */,
				341BE4F124EEF8680013FF29 /* RingView.swift in Sources */,
				349E921024EC55E400D43A8A /* PlayerAPIProtocols.swift in Sources */,
				349E921724EC580A00D43A8A /* PlayerListViewModel.swift in Sources */,
				349E920D24EC540D00D43A8A /* APIProtocols.swift in Sources */,
				349E920824EB109500D43A8A /* PlayerResponseModel.swift in Sources */,
				6B4B1D4E26B8428300BC7CCB /* ChampionshipPath.swift in Sources */,
				6BBAE12326B72058004FDD8D /* MainView.swift in Sources */,
				3462625724EB021E00C58F90 /* PlayerList.swift in Sources */,
				34B51C6A24DF157B007D9108 /* PlayerDetail.swift in Sources */,
				6BC8D3CD26890A350010D378 /* ApisportsAPICall.swift in Sources */,
				3497431A24ED69EC00048315 /* SMPlayerSearchResponseModel.swift in Sources */,
				347E567224DF14520067F5AB /* SceneDelegate.swift in Sources */,
				347E567424DF14520067F5AB /* ContentView.swift in Sources */,
			);
			runOnlyForDeploymentPostprocessing = 0;
		};
/* End PBXSourcesBuildPhase section */

/* Begin PBXVariantGroup section */
		347E567A24DF14550067F5AB /* LaunchScreen.storyboard */ = {
			isa = PBXVariantGroup;
			children = (
				347E567B24DF14550067F5AB /* Base */,
				6BD81BAF26933CFF0018AF33 /* es */,
			);
			name = LaunchScreen.storyboard;
			sourceTree = "<group>";
		};
/* End PBXVariantGroup section */

/* Begin XCBuildConfiguration section */
		347E567E24DF14550067F5AB /* Debug */ = {
			isa = XCBuildConfiguration;
			buildSettings = {
				ALWAYS_SEARCH_USER_PATHS = NO;
				CLANG_ANALYZER_LOCALIZABILITY_NONLOCALIZED = YES;
				CLANG_ANALYZER_NONNULL = YES;
				CLANG_ANALYZER_NUMBER_OBJECT_CONVERSION = YES_AGGRESSIVE;
				CLANG_CXX_LANGUAGE_STANDARD = "gnu++14";
				CLANG_CXX_LIBRARY = "libc++";
				CLANG_ENABLE_MODULES = YES;
				CLANG_ENABLE_OBJC_ARC = YES;
				CLANG_ENABLE_OBJC_WEAK = YES;
				CLANG_WARN_BLOCK_CAPTURE_AUTORELEASING = YES;
				CLANG_WARN_BOOL_CONVERSION = YES;
				CLANG_WARN_COMMA = YES;
				CLANG_WARN_CONSTANT_CONVERSION = YES;
				CLANG_WARN_DEPRECATED_OBJC_IMPLEMENTATIONS = YES;
				CLANG_WARN_DIRECT_OBJC_ISA_USAGE = YES_ERROR;
				CLANG_WARN_DOCUMENTATION_COMMENTS = YES;
				CLANG_WARN_EMPTY_BODY = YES;
				CLANG_WARN_ENUM_CONVERSION = YES;
				CLANG_WARN_INFINITE_RECURSION = YES;
				CLANG_WARN_INT_CONVERSION = YES;
				CLANG_WARN_NON_LITERAL_NULL_CONVERSION = YES;
				CLANG_WARN_OBJC_IMPLICIT_RETAIN_SELF = YES;
				CLANG_WARN_OBJC_LITERAL_CONVERSION = YES;
				CLANG_WARN_OBJC_ROOT_CLASS = YES_ERROR;
				CLANG_WARN_RANGE_LOOP_ANALYSIS = YES;
				CLANG_WARN_STRICT_PROTOTYPES = YES;
				CLANG_WARN_SUSPICIOUS_MOVE = YES;
				CLANG_WARN_UNGUARDED_AVAILABILITY = YES_AGGRESSIVE;
				CLANG_WARN_UNREACHABLE_CODE = YES;
				CLANG_WARN__DUPLICATE_METHOD_MATCH = YES;
				COPY_PHASE_STRIP = NO;
				DEBUG_INFORMATION_FORMAT = dwarf;
				ENABLE_STRICT_OBJC_MSGSEND = YES;
				ENABLE_TESTABILITY = YES;
				GCC_C_LANGUAGE_STANDARD = gnu11;
				GCC_DYNAMIC_NO_PIC = NO;
				GCC_NO_COMMON_BLOCKS = YES;
				GCC_OPTIMIZATION_LEVEL = 0;
				GCC_PREPROCESSOR_DEFINITIONS = (
					"DEBUG=1",
					"$(inherited)",
				);
				GCC_WARN_64_TO_32_BIT_CONVERSION = YES;
				GCC_WARN_ABOUT_RETURN_TYPE = YES_ERROR;
				GCC_WARN_UNDECLARED_SELECTOR = YES;
				GCC_WARN_UNINITIALIZED_AUTOS = YES_AGGRESSIVE;
				GCC_WARN_UNUSED_FUNCTION = YES;
				GCC_WARN_UNUSED_VARIABLE = YES;
				IPHONEOS_DEPLOYMENT_TARGET = 13.2;
				MTL_ENABLE_DEBUG_INFO = INCLUDE_SOURCE;
				MTL_FAST_MATH = YES;
				ONLY_ACTIVE_ARCH = YES;
				SDKROOT = iphoneos;
				SWIFT_ACTIVE_COMPILATION_CONDITIONS = DEBUG;
				SWIFT_OPTIMIZATION_LEVEL = "-Onone";
			};
			name = Debug;
		};
		347E567F24DF14550067F5AB /* Release */ = {
			isa = XCBuildConfiguration;
			buildSettings = {
				ALWAYS_SEARCH_USER_PATHS = NO;
				CLANG_ANALYZER_LOCALIZABILITY_NONLOCALIZED = YES;
				CLANG_ANALYZER_NONNULL = YES;
				CLANG_ANALYZER_NUMBER_OBJECT_CONVERSION = YES_AGGRESSIVE;
				CLANG_CXX_LANGUAGE_STANDARD = "gnu++14";
				CLANG_CXX_LIBRARY = "libc++";
				CLANG_ENABLE_MODULES = YES;
				CLANG_ENABLE_OBJC_ARC = YES;
				CLANG_ENABLE_OBJC_WEAK = YES;
				CLANG_WARN_BLOCK_CAPTURE_AUTORELEASING = YES;
				CLANG_WARN_BOOL_CONVERSION = YES;
				CLANG_WARN_COMMA = YES;
				CLANG_WARN_CONSTANT_CONVERSION = YES;
				CLANG_WARN_DEPRECATED_OBJC_IMPLEMENTATIONS = YES;
				CLANG_WARN_DIRECT_OBJC_ISA_USAGE = YES_ERROR;
				CLANG_WARN_DOCUMENTATION_COMMENTS = YES;
				CLANG_WARN_EMPTY_BODY = YES;
				CLANG_WARN_ENUM_CONVERSION = YES;
				CLANG_WARN_INFINITE_RECURSION = YES;
				CLANG_WARN_INT_CONVERSION = YES;
				CLANG_WARN_NON_LITERAL_NULL_CONVERSION = YES;
				CLANG_WARN_OBJC_IMPLICIT_RETAIN_SELF = YES;
				CLANG_WARN_OBJC_LITERAL_CONVERSION = YES;
				CLANG_WARN_OBJC_ROOT_CLASS = YES_ERROR;
				CLANG_WARN_RANGE_LOOP_ANALYSIS = YES;
				CLANG_WARN_STRICT_PROTOTYPES = YES;
				CLANG_WARN_SUSPICIOUS_MOVE = YES;
				CLANG_WARN_UNGUARDED_AVAILABILITY = YES_AGGRESSIVE;
				CLANG_WARN_UNREACHABLE_CODE = YES;
				CLANG_WARN__DUPLICATE_METHOD_MATCH = YES;
				COPY_PHASE_STRIP = NO;
				DEBUG_INFORMATION_FORMAT = "dwarf-with-dsym";
				ENABLE_NS_ASSERTIONS = NO;
				ENABLE_STRICT_OBJC_MSGSEND = YES;
				GCC_C_LANGUAGE_STANDARD = gnu11;
				GCC_NO_COMMON_BLOCKS = YES;
				GCC_WARN_64_TO_32_BIT_CONVERSION = YES;
				GCC_WARN_ABOUT_RETURN_TYPE = YES_ERROR;
				GCC_WARN_UNDECLARED_SELECTOR = YES;
				GCC_WARN_UNINITIALIZED_AUTOS = YES_AGGRESSIVE;
				GCC_WARN_UNUSED_FUNCTION = YES;
				GCC_WARN_UNUSED_VARIABLE = YES;
				IPHONEOS_DEPLOYMENT_TARGET = 13.2;
				MTL_ENABLE_DEBUG_INFO = NO;
				MTL_FAST_MATH = YES;
				SDKROOT = iphoneos;
				SWIFT_COMPILATION_MODE = wholemodule;
				SWIFT_OPTIMIZATION_LEVEL = "-O";
				VALIDATE_PRODUCT = YES;
			};
			name = Release;
		};
		347E568124DF14550067F5AB /* Debug */ = {
			isa = XCBuildConfiguration;
			buildSettings = {
				ASSETCATALOG_COMPILER_APPICON_NAME = AppIcon;
				CODE_SIGN_STYLE = Automatic;
				DEVELOPMENT_ASSET_PATHS = "\"ScoreBoard/Preview Content\"";
				DEVELOPMENT_TEAM = A24EY6XQJ9;
				ENABLE_PREVIEWS = YES;
				INFOPLIST_FILE = ScoreBoard/Info.plist;
				IPHONEOS_DEPLOYMENT_TARGET = 13.0;
				LD_RUNPATH_SEARCH_PATHS = (
					"$(inherited)",
					"@executable_path/Frameworks",
				);
				PRODUCT_BUNDLE_IDENTIFIER = tech.iflet.ScoreBoard;
				PRODUCT_NAME = "$(TARGET_NAME)";
				SWIFT_VERSION = 5.0;
				TARGETED_DEVICE_FAMILY = 1;
			};
			name = Debug;
		};
		347E568224DF14550067F5AB /* Release */ = {
			isa = XCBuildConfiguration;
			buildSettings = {
				ASSETCATALOG_COMPILER_APPICON_NAME = AppIcon;
				CODE_SIGN_STYLE = Automatic;
				DEVELOPMENT_ASSET_PATHS = "\"ScoreBoard/Preview Content\"";
				DEVELOPMENT_TEAM = A24EY6XQJ9;
				ENABLE_PREVIEWS = YES;
				INFOPLIST_FILE = ScoreBoard/Info.plist;
				IPHONEOS_DEPLOYMENT_TARGET = 13.0;
				LD_RUNPATH_SEARCH_PATHS = (
					"$(inherited)",
					"@executable_path/Frameworks",
				);
				PRODUCT_BUNDLE_IDENTIFIER = tech.iflet.ScoreBoard;
				PRODUCT_NAME = "$(TARGET_NAME)";
				SWIFT_VERSION = 5.0;
				TARGETED_DEVICE_FAMILY = 1;
			};
			name = Release;
		};
/* End XCBuildConfiguration section */

/* Begin XCConfigurationList section */
		347E566724DF14520067F5AB /* Build configuration list for PBXProject "ScoreBoard" */ = {
			isa = XCConfigurationList;
			buildConfigurations = (
				347E567E24DF14550067F5AB /* Debug */,
				347E567F24DF14550067F5AB /* Release */,
			);
			defaultConfigurationIsVisible = 0;
			defaultConfigurationName = Release;
		};
		347E568024DF14550067F5AB /* Build configuration list for PBXNativeTarget "ScoreBoard" */ = {
			isa = XCConfigurationList;
			buildConfigurations = (
				347E568124DF14550067F5AB /* Debug */,
				347E568224DF14550067F5AB /* Release */,
			);
			defaultConfigurationIsVisible = 0;
			defaultConfigurationName = Release;
		};
/* End XCConfigurationList section */
	};
	rootObject = 347E566424DF14520067F5AB /* Project object */;
}
