// !$*UTF8*$!
{
	archiveVersion = 1;
	classes = {
	};
	objectVersion = 52;
	objects = {

/* Begin PBXBuildFile section */
		341BE4F124EEF8680013FF29 /* RingView.swift in Sources */ = {isa = PBXBuildFile; fileRef = 341BE4F024EEF8680013FF29 /* RingView.swift */; };
		341BE4F324EF02770013FF29 /* AutoColorRing.swift in Sources */ = {isa = PBXBuildFile; fileRef = 341BE4F224EF02770013FF29 /* AutoColorRing.swift */; };
		347E567024DF14520067F5AB /* AppDelegate.swift in Sources */ = {isa = PBXBuildFile; fileRef = 347E566F24DF14520067F5AB /* AppDelegate.swift */; };
		347E567624DF14550067F5AB /* Assets.xcassets in Resources */ = {isa = PBXBuildFile; fileRef = 347E567524DF14550067F5AB /* Assets.xcassets */; };
		347E567924DF14550067F5AB /* Preview Assets.xcassets in Resources */ = {isa = PBXBuildFile; fileRef = 347E567824DF14550067F5AB /* Preview Assets.xcassets */; };
		347E567C24DF14550067F5AB /* LaunchScreen.storyboard in Resources */ = {isa = PBXBuildFile; fileRef = 347E567A24DF14550067F5AB /* LaunchScreen.storyboard */; };
		349E920B24EC53D400D43A8A /* APISession.swift in Sources */ = {isa = PBXBuildFile; fileRef = 349E920A24EC53D400D43A8A /* APISession.swift */; };
		349E920D24EC540D00D43A8A /* APIProtocols.swift in Sources */ = {isa = PBXBuildFile; fileRef = 349E920C24EC540D00D43A8A /* APIProtocols.swift */; };
		349E921024EC55E400D43A8A /* RestManager.swift in Sources */ = {isa = PBXBuildFile; fileRef = 349E920F24EC55E400D43A8A /* RestManager.swift */; };
		349E921224EC56AE00D43A8A /* Endpoints.swift in Sources */ = {isa = PBXBuildFile; fileRef = 349E921124EC56AE00D43A8A /* Endpoints.swift */; };
		6B103BB726A9C72D00E32449 /* RequestBuilderProtocol.swift in Sources */ = {isa = PBXBuildFile; fileRef = 6B103BB626A9C72D00E32449 /* RequestBuilderProtocol.swift */; };
		6B4B1D4E26B8428300BC7CCB /* ChampionshipPath.swift in Sources */ = {isa = PBXBuildFile; fileRef = 6B4B1D4D26B8428300BC7CCB /* ChampionshipPath.swift */; };
		6B5D6CCF28DF419800D76719 /* RestError.swift in Sources */ = {isa = PBXBuildFile; fileRef = 6B5D6CCE28DF419800D76719 /* RestError.swift */; };
		6B5D6CD128DF4CF700D76719 /* PreLoaderView.swift in Sources */ = {isa = PBXBuildFile; fileRef = 6B5D6CD028DF4CF700D76719 /* PreLoaderView.swift */; };
		6B5D6CD428DF4E4E00D76719 /* PreloaderViewModel.swift in Sources */ = {isa = PBXBuildFile; fileRef = 6B5D6CD328DF4E4E00D76719 /* PreloaderViewModel.swift */; };
		6B5D6CD728DF5A0100D76719 /* RacesModelLogic.swift in Sources */ = {isa = PBXBuildFile; fileRef = 6B5D6CD628DF5A0100D76719 /* RacesModelLogic.swift */; };
		6B5D6CDB28DF5A2B00D76719 /* DriversModelLogic.swift in Sources */ = {isa = PBXBuildFile; fileRef = 6B5D6CDA28DF5A2B00D76719 /* DriversModelLogic.swift */; };
		6B5D6CDF28DF5F5600D76719 /* Realm in Frameworks */ = {isa = PBXBuildFile; productRef = 6B5D6CDE28DF5F5600D76719 /* Realm */; };
		6B5D6CE128DF5F5600D76719 /* RealmSwift in Frameworks */ = {isa = PBXBuildFile; productRef = 6B5D6CE028DF5F5600D76719 /* RealmSwift */; };
		6B5D6CE328DF672000D76719 /* SeasonModelLogic.swift in Sources */ = {isa = PBXBuildFile; fileRef = 6B5D6CE228DF672000D76719 /* SeasonModelLogic.swift */; };
		6B5D6CE528DF679E00D76719 /* ConstructorsModelLogic.swift in Sources */ = {isa = PBXBuildFile; fileRef = 6B5D6CE428DF679E00D76719 /* ConstructorsModelLogic.swift */; };
		6B5D6CE928DF686700D76719 /* SeassonsRealmModel.swift in Sources */ = {isa = PBXBuildFile; fileRef = 6B5D6CE828DF686700D76719 /* SeassonsRealmModel.swift */; };
		6B5D6CEB28DFB51D00D76719 /* ConstructorsRealmModel.swift in Sources */ = {isa = PBXBuildFile; fileRef = 6B5D6CEA28DFB51C00D76719 /* ConstructorsRealmModel.swift */; };
		6B5D6CED28DFB83800D76719 /* DriversRealmModel.swift in Sources */ = {isa = PBXBuildFile; fileRef = 6B5D6CEC28DFB83800D76719 /* DriversRealmModel.swift */; };
		6B5D6CEF28E0C48000D76719 /* RacesRealmModel.swift in Sources */ = {isa = PBXBuildFile; fileRef = 6B5D6CEE28E0C48000D76719 /* RacesRealmModel.swift */; };
		6B5D6CF128E0CB0400D76719 /* LocationRealmModel.swift in Sources */ = {isa = PBXBuildFile; fileRef = 6B5D6CF028E0CB0400D76719 /* LocationRealmModel.swift */; };
		6B5D6CF328E0CB2700D76719 /* CircuitRealmModel.swift in Sources */ = {isa = PBXBuildFile; fileRef = 6B5D6CF228E0CB2700D76719 /* CircuitRealmModel.swift */; };
		6B5D6CF528E0D06900D76719 /* AppContainerView.swift in Sources */ = {isa = PBXBuildFile; fileRef = 6B5D6CF428E0D06900D76719 /* AppContainerView.swift */; };
		6B5D6CF828E0D14500D76719 /* AppStateViewModel.swift in Sources */ = {isa = PBXBuildFile; fileRef = 6B5D6CF728E0D14500D76719 /* AppStateViewModel.swift */; };
		6B9E1BD326AC722D00A9D6D5 /* GoogleService-Info.plist in Resources */ = {isa = PBXBuildFile; fileRef = 6B9E1BD226AC722D00A9D6D5 /* GoogleService-Info.plist */; };
		6BB2A8E128D63F9100E0E504 /* RaceResults.swift in Sources */ = {isa = PBXBuildFile; fileRef = 6BB2A8D628D63F9100E0E504 /* RaceResults.swift */; };
		6BB2A8E228D63F9100E0E504 /* PitStops.swift in Sources */ = {isa = PBXBuildFile; fileRef = 6BB2A8D728D63F9100E0E504 /* PitStops.swift */; };
		6BB2A8E328D63F9100E0E504 /* DriverStandings.swift in Sources */ = {isa = PBXBuildFile; fileRef = 6BB2A8D828D63F9100E0E504 /* DriverStandings.swift */; };
		6BB2A8E428D63F9100E0E504 /* Seasons.swift in Sources */ = {isa = PBXBuildFile; fileRef = 6BB2A8D928D63F9100E0E504 /* Seasons.swift */; };
		6BB2A8E528D63F9100E0E504 /* Laps.swift in Sources */ = {isa = PBXBuildFile; fileRef = 6BB2A8DA28D63F9100E0E504 /* Laps.swift */; };
		6BB2A8E628D63F9100E0E504 /* Drivers.swift in Sources */ = {isa = PBXBuildFile; fileRef = 6BB2A8DB28D63F9100E0E504 /* Drivers.swift */; };
		6BB2A8E728D63F9100E0E504 /* Constructors.swift in Sources */ = {isa = PBXBuildFile; fileRef = 6BB2A8DC28D63F9100E0E504 /* Constructors.swift */; };
		6BB2A8E828D63F9100E0E504 /* Circuits.swift in Sources */ = {isa = PBXBuildFile; fileRef = 6BB2A8DD28D63F9100E0E504 /* Circuits.swift */; };
		6BB2A8E928D63F9100E0E504 /* RaceSchedule.swift in Sources */ = {isa = PBXBuildFile; fileRef = 6BB2A8DE28D63F9100E0E504 /* RaceSchedule.swift */; };
		6BB2A8EA28D63F9100E0E504 /* QualifyingResults.swift in Sources */ = {isa = PBXBuildFile; fileRef = 6BB2A8DF28D63F9100E0E504 /* QualifyingResults.swift */; };
		6BB2A8EB28D63F9100E0E504 /* FinishingStatus.swift in Sources */ = {isa = PBXBuildFile; fileRef = 6BB2A8E028D63F9100E0E504 /* FinishingStatus.swift */; };
		6BB2A8EE28D641DA00E0E504 /* Alamofire in Frameworks */ = {isa = PBXBuildFile; productRef = 6BB2A8ED28D641DA00E0E504 /* Alamofire */; };
		6BB2A8F628D7A9FA00E0E504 /* FirebaseAnalyticsSwift in Frameworks */ = {isa = PBXBuildFile; productRef = 6BB2A8F528D7A9FA00E0E504 /* FirebaseAnalyticsSwift */; };
		6BB2A8F828D7A9FA00E0E504 /* FirebaseAuth in Frameworks */ = {isa = PBXBuildFile; productRef = 6BB2A8F728D7A9FA00E0E504 /* FirebaseAuth */; };
		6BB2A8FA28D7A9FA00E0E504 /* FirebaseCrashlytics in Frameworks */ = {isa = PBXBuildFile; productRef = 6BB2A8F928D7A9FA00E0E504 /* FirebaseCrashlytics */; };
		6BB2A8FC28D7A9FA00E0E504 /* FirebaseDynamicLinks in Frameworks */ = {isa = PBXBuildFile; productRef = 6BB2A8FB28D7A9FA00E0E504 /* FirebaseDynamicLinks */; };
		6BB2A8FE28D7A9FA00E0E504 /* FirebaseFirestoreSwift in Frameworks */ = {isa = PBXBuildFile; productRef = 6BB2A8FD28D7A9FA00E0E504 /* FirebaseFirestoreSwift */; };
		6BB2A90028D7A9FA00E0E504 /* FirebaseInAppMessagingSwift-Beta in Frameworks */ = {isa = PBXBuildFile; productRef = 6BB2A8FF28D7A9FA00E0E504 /* FirebaseInAppMessagingSwift-Beta */; };
		6BB2A90228D7A9FA00E0E504 /* FirebaseRemoteConfigSwift in Frameworks */ = {isa = PBXBuildFile; productRef = 6BB2A90128D7A9FA00E0E504 /* FirebaseRemoteConfigSwift */; };
		6BBAE12326B72058004FDD8D /* MainView.swift in Sources */ = {isa = PBXBuildFile; fileRef = 6BBAE12226B72058004FDD8D /* MainView.swift */; };
		6BC8D3CD26890A350010D378 /* ApisportsAPICall.swift in Sources */ = {isa = PBXBuildFile; fileRef = 6BC8D3CC26890A350010D378 /* ApisportsAPICall.swift */; };
		6BC8D3D126890A690010D378 /* SportsMonksAPICall.swift in Sources */ = {isa = PBXBuildFile; fileRef = 6BC8D3D026890A690010D378 /* SportsMonksAPICall.swift */; };
		6BDE65D128DBA04900592031 /* ErgastAPI.swift in Sources */ = {isa = PBXBuildFile; fileRef = 6BDE65D028DBA04900592031 /* ErgastAPI.swift */; };
		6BDE65D428DBA15000592031 /* Constants.swift in Sources */ = {isa = PBXBuildFile; fileRef = 6BDE65D328DBA15000592031 /* Constants.swift */; };
/* End PBXBuildFile section */

/* Begin PBXFileReference section */
		341BE4F024EEF8680013FF29 /* RingView.swift */ = {isa = PBXFileReference; lastKnownFileType = sourcecode.swift; path = RingView.swift; sourceTree = "<group>"; };
		341BE4F224EF02770013FF29 /* AutoColorRing.swift */ = {isa = PBXFileReference; lastKnownFileType = sourcecode.swift; path = AutoColorRing.swift; sourceTree = "<group>"; };
		347E566C24DF14520067F5AB /* ScoreBoard.app */ = {isa = PBXFileReference; explicitFileType = wrapper.application; includeInIndex = 0; path = ScoreBoard.app; sourceTree = BUILT_PRODUCTS_DIR; };
		347E566F24DF14520067F5AB /* AppDelegate.swift */ = {isa = PBXFileReference; lastKnownFileType = sourcecode.swift; path = AppDelegate.swift; sourceTree = "<group>"; };
		347E567524DF14550067F5AB /* Assets.xcassets */ = {isa = PBXFileReference; lastKnownFileType = folder.assetcatalog; path = Assets.xcassets; sourceTree = "<group>"; };
		347E567824DF14550067F5AB /* Preview Assets.xcassets */ = {isa = PBXFileReference; lastKnownFileType = folder.assetcatalog; path = "Preview Assets.xcassets"; sourceTree = "<group>"; };
		347E567B24DF14550067F5AB /* Base */ = {isa = PBXFileReference; lastKnownFileType = file.storyboard; name = Base; path = Base.lproj/LaunchScreen.storyboard; sourceTree = "<group>"; };
		347E567D24DF14550067F5AB /* Info.plist */ = {isa = PBXFileReference; lastKnownFileType = text.plist.xml; path = Info.plist; sourceTree = "<group>"; };
		349E920A24EC53D400D43A8A /* APISession.swift */ = {isa = PBXFileReference; lastKnownFileType = sourcecode.swift; path = APISession.swift; sourceTree = "<group>"; };
		349E920C24EC540D00D43A8A /* APIProtocols.swift */ = {isa = PBXFileReference; lastKnownFileType = sourcecode.swift; path = APIProtocols.swift; sourceTree = "<group>"; };
		349E920F24EC55E400D43A8A /* RestManager.swift */ = {isa = PBXFileReference; lastKnownFileType = sourcecode.swift; path = RestManager.swift; sourceTree = "<group>"; };
		349E921124EC56AE00D43A8A /* Endpoints.swift */ = {isa = PBXFileReference; lastKnownFileType = sourcecode.swift; path = Endpoints.swift; sourceTree = "<group>"; };
		6B103BB626A9C72D00E32449 /* RequestBuilderProtocol.swift */ = {isa = PBXFileReference; lastKnownFileType = sourcecode.swift; path = RequestBuilderProtocol.swift; sourceTree = "<group>"; };
		6B4B1D4D26B8428300BC7CCB /* ChampionshipPath.swift */ = {isa = PBXFileReference; lastKnownFileType = sourcecode.swift; path = ChampionshipPath.swift; sourceTree = "<group>"; };
		6B5D6CCE28DF419800D76719 /* RestError.swift */ = {isa = PBXFileReference; lastKnownFileType = sourcecode.swift; path = RestError.swift; sourceTree = "<group>"; };
		6B5D6CD028DF4CF700D76719 /* PreLoaderView.swift */ = {isa = PBXFileReference; lastKnownFileType = sourcecode.swift; path = PreLoaderView.swift; sourceTree = "<group>"; };
		6B5D6CD328DF4E4E00D76719 /* PreloaderViewModel.swift */ = {isa = PBXFileReference; lastKnownFileType = sourcecode.swift; path = PreloaderViewModel.swift; sourceTree = "<group>"; };
		6B5D6CD628DF5A0100D76719 /* RacesModelLogic.swift */ = {isa = PBXFileReference; lastKnownFileType = sourcecode.swift; path = RacesModelLogic.swift; sourceTree = "<group>"; };
		6B5D6CDA28DF5A2B00D76719 /* DriversModelLogic.swift */ = {isa = PBXFileReference; lastKnownFileType = sourcecode.swift; path = DriversModelLogic.swift; sourceTree = "<group>"; };
		6B5D6CE228DF672000D76719 /* SeasonModelLogic.swift */ = {isa = PBXFileReference; lastKnownFileType = sourcecode.swift; path = SeasonModelLogic.swift; sourceTree = "<group>"; };
		6B5D6CE428DF679E00D76719 /* ConstructorsModelLogic.swift */ = {isa = PBXFileReference; lastKnownFileType = sourcecode.swift; path = ConstructorsModelLogic.swift; sourceTree = "<group>"; };
		6B5D6CE828DF686700D76719 /* SeassonsRealmModel.swift */ = {isa = PBXFileReference; lastKnownFileType = sourcecode.swift; path = SeassonsRealmModel.swift; sourceTree = "<group>"; };
		6B5D6CEA28DFB51C00D76719 /* ConstructorsRealmModel.swift */ = {isa = PBXFileReference; lastKnownFileType = sourcecode.swift; path = ConstructorsRealmModel.swift; sourceTree = "<group>"; };
		6B5D6CEC28DFB83800D76719 /* DriversRealmModel.swift */ = {isa = PBXFileReference; lastKnownFileType = sourcecode.swift; path = DriversRealmModel.swift; sourceTree = "<group>"; };
		6B5D6CEE28E0C48000D76719 /* RacesRealmModel.swift */ = {isa = PBXFileReference; lastKnownFileType = sourcecode.swift; path = RacesRealmModel.swift; sourceTree = "<group>"; };
		6B5D6CF028E0CB0400D76719 /* LocationRealmModel.swift */ = {isa = PBXFileReference; lastKnownFileType = sourcecode.swift; path = LocationRealmModel.swift; sourceTree = "<group>"; };
		6B5D6CF228E0CB2700D76719 /* CircuitRealmModel.swift */ = {isa = PBXFileReference; lastKnownFileType = sourcecode.swift; path = CircuitRealmModel.swift; sourceTree = "<group>"; };
		6B5D6CF428E0D06900D76719 /* AppContainerView.swift */ = {isa = PBXFileReference; lastKnownFileType = sourcecode.swift; path = AppContainerView.swift; sourceTree = "<group>"; };
		6B5D6CF728E0D14500D76719 /* AppStateViewModel.swift */ = {isa = PBXFileReference; lastKnownFileType = sourcecode.swift; path = AppStateViewModel.swift; sourceTree = "<group>"; };
		6B9E1BD226AC722D00A9D6D5 /* GoogleService-Info.plist */ = {isa = PBXFileReference; fileEncoding = 4; lastKnownFileType = text.plist.xml; path = "GoogleService-Info.plist"; sourceTree = "<group>"; };
		6BB2A8D628D63F9100E0E504 /* RaceResults.swift */ = {isa = PBXFileReference; fileEncoding = 4; lastKnownFileType = sourcecode.swift; path = RaceResults.swift; sourceTree = "<group>"; };
		6BB2A8D728D63F9100E0E504 /* PitStops.swift */ = {isa = PBXFileReference; fileEncoding = 4; lastKnownFileType = sourcecode.swift; path = PitStops.swift; sourceTree = "<group>"; };
		6BB2A8D828D63F9100E0E504 /* DriverStandings.swift */ = {isa = PBXFileReference; fileEncoding = 4; lastKnownFileType = sourcecode.swift; path = DriverStandings.swift; sourceTree = "<group>"; };
		6BB2A8D928D63F9100E0E504 /* Seasons.swift */ = {isa = PBXFileReference; fileEncoding = 4; lastKnownFileType = sourcecode.swift; path = Seasons.swift; sourceTree = "<group>"; };
		6BB2A8DA28D63F9100E0E504 /* Laps.swift */ = {isa = PBXFileReference; fileEncoding = 4; lastKnownFileType = sourcecode.swift; path = Laps.swift; sourceTree = "<group>"; };
		6BB2A8DB28D63F9100E0E504 /* Drivers.swift */ = {isa = PBXFileReference; fileEncoding = 4; lastKnownFileType = sourcecode.swift; path = Drivers.swift; sourceTree = "<group>"; };
		6BB2A8DC28D63F9100E0E504 /* Constructors.swift */ = {isa = PBXFileReference; fileEncoding = 4; lastKnownFileType = sourcecode.swift; path = Constructors.swift; sourceTree = "<group>"; };
		6BB2A8DD28D63F9100E0E504 /* Circuits.swift */ = {isa = PBXFileReference; fileEncoding = 4; lastKnownFileType = sourcecode.swift; path = Circuits.swift; sourceTree = "<group>"; };
		6BB2A8DE28D63F9100E0E504 /* RaceSchedule.swift */ = {isa = PBXFileReference; fileEncoding = 4; lastKnownFileType = sourcecode.swift; path = RaceSchedule.swift; sourceTree = "<group>"; };
		6BB2A8DF28D63F9100E0E504 /* QualifyingResults.swift */ = {isa = PBXFileReference; fileEncoding = 4; lastKnownFileType = sourcecode.swift; path = QualifyingResults.swift; sourceTree = "<group>"; };
		6BB2A8E028D63F9100E0E504 /* FinishingStatus.swift */ = {isa = PBXFileReference; fileEncoding = 4; lastKnownFileType = sourcecode.swift; path = FinishingStatus.swift; sourceTree = "<group>"; };
		6BBAE12226B72058004FDD8D /* MainView.swift */ = {isa = PBXFileReference; lastKnownFileType = sourcecode.swift; path = MainView.swift; sourceTree = "<group>"; };
		6BC8D3CC26890A350010D378 /* ApisportsAPICall.swift */ = {isa = PBXFileReference; lastKnownFileType = sourcecode.swift; path = ApisportsAPICall.swift; sourceTree = "<group>"; };
		6BC8D3D026890A690010D378 /* SportsMonksAPICall.swift */ = {isa = PBXFileReference; lastKnownFileType = sourcecode.swift; path = SportsMonksAPICall.swift; sourceTree = "<group>"; };
		6BD81BAF26933CFF0018AF33 /* es */ = {isa = PBXFileReference; lastKnownFileType = text.plist.strings; name = es; path = es.lproj/LaunchScreen.strings; sourceTree = "<group>"; };
		6BDE65D028DBA04900592031 /* ErgastAPI.swift */ = {isa = PBXFileReference; lastKnownFileType = sourcecode.swift; path = ErgastAPI.swift; sourceTree = "<group>"; };
		6BDE65D328DBA15000592031 /* Constants.swift */ = {isa = PBXFileReference; lastKnownFileType = sourcecode.swift; path = Constants.swift; sourceTree = "<group>"; };
/* End PBXFileReference section */

/* Begin PBXFrameworksBuildPhase section */
		347E566924DF14520067F5AB /* Frameworks */ = {
			isa = PBXFrameworksBuildPhase;
			buildActionMask = 2147483647;
			files = (
				6BB2A8F628D7A9FA00E0E504 /* FirebaseAnalyticsSwift in Frameworks */,
				6BB2A90228D7A9FA00E0E504 /* FirebaseRemoteConfigSwift in Frameworks */,
				6BB2A8FA28D7A9FA00E0E504 /* FirebaseCrashlytics in Frameworks */,
				6BB2A90028D7A9FA00E0E504 /* FirebaseInAppMessagingSwift-Beta in Frameworks */,
				6BB2A8F828D7A9FA00E0E504 /* FirebaseAuth in Frameworks */,
				6BB2A8EE28D641DA00E0E504 /* Alamofire in Frameworks */,
				6B5D6CDF28DF5F5600D76719 /* Realm in Frameworks */,
				6BB2A8FC28D7A9FA00E0E504 /* FirebaseDynamicLinks in Frameworks */,
				6B5D6CE128DF5F5600D76719 /* RealmSwift in Frameworks */,
				6BB2A8FE28D7A9FA00E0E504 /* FirebaseFirestoreSwift in Frameworks */,
			);
			runOnlyForDeploymentPostprocessing = 0;
		};
/* End PBXFrameworksBuildPhase section */

/* Begin PBXGroup section */
		341BE4EF24EEF8510013FF29 /* Views */ = {
			isa = PBXGroup;
			children = (
				341BE4F024EEF8680013FF29 /* RingView.swift */,
				341BE4F224EF02770013FF29 /* AutoColorRing.swift */,
			);
			path = Views;
			sourceTree = "<group>";
		};
		347E566324DF14520067F5AB = {
			isa = PBXGroup;
			children = (
				6B9E1BD226AC722D00A9D6D5 /* GoogleService-Info.plist */,
				347E566E24DF14520067F5AB /* ScoreBoard */,
				347E566D24DF14520067F5AB /* Products */,
			);
			sourceTree = "<group>";
		};
		347E566D24DF14520067F5AB /* Products */ = {
			isa = PBXGroup;
			children = (
				347E566C24DF14520067F5AB /* ScoreBoard.app */,
			);
			name = Products;
			sourceTree = "<group>";
		};
		347E566E24DF14520067F5AB /* ScoreBoard */ = {
			isa = PBXGroup;
			children = (
				6B5D6CE628DF682400D76719 /* Models */,
				6BDE65CD28DB9FB100592031 /* Libraries */,
				6BDE65CC28DB9FAB00592031 /* Helpers */,
				6BBAE12126B72031004FDD8D /* Views */,
				6BDE65CF28DBA00300592031 /* Endpoints */,
				349E920E24EC54F800D43A8A /* RestManager */,
				349E920924EC539300D43A8A /* API */,
				347E566F24DF14520067F5AB /* AppDelegate.swift */,
				347E567524DF14550067F5AB /* Assets.xcassets */,
				347E567A24DF14550067F5AB /* LaunchScreen.storyboard */,
				347E567D24DF14550067F5AB /* Info.plist */,
				347E567724DF14550067F5AB /* Preview Content */,
			);
			path = ScoreBoard;
			sourceTree = "<group>";
		};
		347E567724DF14550067F5AB /* Preview Content */ = {
			isa = PBXGroup;
			children = (
				347E567824DF14550067F5AB /* Preview Assets.xcassets */,
			);
			path = "Preview Content";
			sourceTree = "<group>";
		};
		349E920924EC539300D43A8A /* API */ = {
			isa = PBXGroup;
			children = (
				6B103BB926A9C77E00E32449 /* Layer */,
				6BC8D3CB26890A180010D378 /* Endpoints */,
				349E920A24EC53D400D43A8A /* APISession.swift */,
				349E920C24EC540D00D43A8A /* APIProtocols.swift */,
			);
			path = API;
			sourceTree = "<group>";
		};
		349E920E24EC54F800D43A8A /* RestManager */ = {
			isa = PBXGroup;
			children = (
				349E920F24EC55E400D43A8A /* RestManager.swift */,
				6B5D6CCD28DF414000D76719 /* Errors */,
				6B5D6CCC28DF413600D76719 /* Protocols */,
			);
			path = RestManager;
			sourceTree = "<group>";
		};
		6B103BB926A9C77E00E32449 /* Layer */ = {
			isa = PBXGroup;
			children = (
			);
			path = Layer;
			sourceTree = "<group>";
		};
		6B5D6CCC28DF413600D76719 /* Protocols */ = {
			isa = PBXGroup;
			children = (
				6B103BB626A9C72D00E32449 /* RequestBuilderProtocol.swift */,
			);
			path = Protocols;
			sourceTree = "<group>";
		};
		6B5D6CCD28DF414000D76719 /* Errors */ = {
			isa = PBXGroup;
			children = (
				6B5D6CCE28DF419800D76719 /* RestError.swift */,
			);
			path = Errors;
			sourceTree = "<group>";
		};
		6B5D6CD228DF4E3A00D76719 /* Preloader */ = {
			isa = PBXGroup;
			children = (
				6B5D6CD028DF4CF700D76719 /* PreLoaderView.swift */,
				6B5D6CD328DF4E4E00D76719 /* PreloaderViewModel.swift */,
			);
			path = Preloader;
			sourceTree = "<group>";
		};
		6B5D6CD528DF59D600D76719 /* ModelLogic */ = {
			isa = PBXGroup;
			children = (
				6B5D6CDC28DF5A9600D76719 /* Protocols */,
				6B5D6CE228DF672000D76719 /* SeasonModelLogic.swift */,
				6B5D6CE428DF679E00D76719 /* ConstructorsModelLogic.swift */,
				6B5D6CDA28DF5A2B00D76719 /* DriversModelLogic.swift */,
				6B5D6CD628DF5A0100D76719 /* RacesModelLogic.swift */,
			);
			path = ModelLogic;
			sourceTree = "<group>";
		};
		6B5D6CDC28DF5A9600D76719 /* Protocols */ = {
			isa = PBXGroup;
			children = (
			);
			path = Protocols;
			sourceTree = "<group>";
		};
		6B5D6CE628DF682400D76719 /* Models */ = {
			isa = PBXGroup;
			children = (
				6BB2A8D528D63F9100E0E504 /* JSONs */,
				6B5D6CE728DF684F00D76719 /* RealmModels */,
				6B5D6CD528DF59D600D76719 /* ModelLogic */,
			);
			path = Models;
			sourceTree = "<group>";
		};
		6B5D6CE728DF684F00D76719 /* RealmModels */ = {
			isa = PBXGroup;
			children = (
				6B5D6CE828DF686700D76719 /* SeassonsRealmModel.swift */,
				6B5D6CEA28DFB51C00D76719 /* ConstructorsRealmModel.swift */,
				6B5D6CEC28DFB83800D76719 /* DriversRealmModel.swift */,
				6B5D6CEE28E0C48000D76719 /* RacesRealmModel.swift */,
				6B5D6CF228E0CB2700D76719 /* CircuitRealmModel.swift */,
				6B5D6CF028E0CB0400D76719 /* LocationRealmModel.swift */,
			);
			path = RealmModels;
			sourceTree = "<group>";
		};
		6B5D6CF628E0D0F900D76719 /* AppContainer */ = {
			isa = PBXGroup;
			children = (
				6B5D6CF428E0D06900D76719 /* AppContainerView.swift */,
				6B5D6CF728E0D14500D76719 /* AppStateViewModel.swift */,
			);
			path = AppContainer;
			sourceTree = "<group>";
		};
		6BB2A8D528D63F9100E0E504 /* JSONs */ = {
			isa = PBXGroup;
			children = (
				6BB2A8D628D63F9100E0E504 /* RaceResults.swift */,
				6BB2A8D728D63F9100E0E504 /* PitStops.swift */,
				6BB2A8D828D63F9100E0E504 /* DriverStandings.swift */,
				6BB2A8D928D63F9100E0E504 /* Seasons.swift */,
				6BB2A8DA28D63F9100E0E504 /* Laps.swift */,
				6BB2A8DB28D63F9100E0E504 /* Drivers.swift */,
				6BB2A8DC28D63F9100E0E504 /* Constructors.swift */,
				6BB2A8DD28D63F9100E0E504 /* Circuits.swift */,
				6BB2A8DE28D63F9100E0E504 /* RaceSchedule.swift */,
				6BB2A8DF28D63F9100E0E504 /* QualifyingResults.swift */,
				6BB2A8E028D63F9100E0E504 /* FinishingStatus.swift */,
			);
			path = JSONs;
			sourceTree = "<group>";
		};
		6BBAE12126B72031004FDD8D /* Views */ = {
			isa = PBXGroup;
			children = (
				6B5D6CF628E0D0F900D76719 /* AppContainer */,
				6B5D6CD228DF4E3A00D76719 /* Preloader */,
				6BBAE12226B72058004FDD8D /* MainView.swift */,
				6B4B1D4D26B8428300BC7CCB /* ChampionshipPath.swift */,
			);
			path = Views;
			sourceTree = "<group>";
		};
		6BC8D3CB26890A180010D378 /* Endpoints */ = {
			isa = PBXGroup;
			children = (
				349E921124EC56AE00D43A8A /* Endpoints.swift */,
				6BC8D3CC26890A350010D378 /* ApisportsAPICall.swift */,
				6BC8D3D026890A690010D378 /* SportsMonksAPICall.swift */,
			);
			path = Endpoints;
			sourceTree = "<group>";
		};
		6BDE65CC28DB9FAB00592031 /* Helpers */ = {
			isa = PBXGroup;
			children = (
				6BDE65D228DBA13600592031 /* Constants */,
			);
			path = Helpers;
			sourceTree = "<group>";
		};
		6BDE65CD28DB9FB100592031 /* Libraries */ = {
			isa = PBXGroup;
			children = (
				341BE4EF24EEF8510013FF29 /* Views */,
			);
			path = Libraries;
			sourceTree = "<group>";
		};
		6BDE65CF28DBA00300592031 /* Endpoints */ = {
			isa = PBXGroup;
			children = (
				6BDE65D028DBA04900592031 /* ErgastAPI.swift */,
			);
			path = Endpoints;
			sourceTree = "<group>";
		};
		6BDE65D228DBA13600592031 /* Constants */ = {
			isa = PBXGroup;
			children = (
				6BDE65D328DBA15000592031 /* Constants.swift */,
			);
			path = Constants;
			sourceTree = "<group>";
		};
/* End PBXGroup section */

/* Begin PBXNativeTarget section */
		347E566B24DF14520067F5AB /* ScoreBoard */ = {
			isa = PBXNativeTarget;
			buildConfigurationList = 347E568024DF14550067F5AB /* Build configuration list for PBXNativeTarget "ScoreBoard" */;
			buildPhases = (
				347E566824DF14520067F5AB /* Sources */,
				347E566924DF14520067F5AB /* Frameworks */,
				347E566A24DF14520067F5AB /* Resources */,
			);
			buildRules = (
			);
			dependencies = (
			);
			name = ScoreBoard;
			packageProductDependencies = (
				6BB2A8ED28D641DA00E0E504 /* Alamofire */,
				6BB2A8F528D7A9FA00E0E504 /* FirebaseAnalyticsSwift */,
				6BB2A8F728D7A9FA00E0E504 /* FirebaseAuth */,
				6BB2A8F928D7A9FA00E0E504 /* FirebaseCrashlytics */,
				6BB2A8FB28D7A9FA00E0E504 /* FirebaseDynamicLinks */,
				6BB2A8FD28D7A9FA00E0E504 /* FirebaseFirestoreSwift */,
				6BB2A8FF28D7A9FA00E0E504 /* FirebaseInAppMessagingSwift-Beta */,
				6BB2A90128D7A9FA00E0E504 /* FirebaseRemoteConfigSwift */,
				6B5D6CDE28DF5F5600D76719 /* Realm */,
				6B5D6CE028DF5F5600D76719 /* RealmSwift */,
			);
			productName = ScoreBoard;
			productReference = 347E566C24DF14520067F5AB /* ScoreBoard.app */;
			productType = "com.apple.product-type.application";
		};
/* End PBXNativeTarget section */

/* Begin PBXProject section */
		347E566424DF14520067F5AB /* Project object */ = {
			isa = PBXProject;
			attributes = {
				LastSwiftUpdateCheck = 1120;
				LastUpgradeCheck = 1120;
				ORGANIZATIONNAME = Iflet.tech;
				TargetAttributes = {
					347E566B24DF14520067F5AB = {
						CreatedOnToolsVersion = 11.2;
					};
				};
			};
			buildConfigurationList = 347E566724DF14520067F5AB /* Build configuration list for PBXProject "ScoreBoard" */;
			compatibilityVersion = "Xcode 9.3";
			developmentRegion = en;
			hasScannedForEncodings = 0;
			knownRegions = (
				en,
				Base,
				es,
			);
			mainGroup = 347E566324DF14520067F5AB;
			packageReferences = (
				6BB2A8EC28D641DA00E0E504 /* XCRemoteSwiftPackageReference "Alamofire" */,
				6BB2A8F428D7A9FA00E0E504 /* XCRemoteSwiftPackageReference "firebase-ios-sdk" */,
				6B5D6CDD28DF5F5600D76719 /* XCRemoteSwiftPackageReference "realm-swift" */,
			);
			productRefGroup = 347E566D24DF14520067F5AB /* Products */;
			projectDirPath = "";
			projectRoot = "";
			targets = (
				347E566B24DF14520067F5AB /* ScoreBoard */,
			);
		};
/* End PBXProject section */

/* Begin PBXResourcesBuildPhase section */
		347E566A24DF14520067F5AB /* Resources */ = {
			isa = PBXResourcesBuildPhase;
			buildActionMask = 2147483647;
			files = (
				347E567C24DF14550067F5AB /* LaunchScreen.storyboard in Resources */,
				347E567924DF14550067F5AB /* Preview Assets.xcassets in Resources */,
				347E567624DF14550067F5AB /* Assets.xcassets in Resources */,
				6B9E1BD326AC722D00A9D6D5 /* GoogleService-Info.plist in Resources */,
			);
			runOnlyForDeploymentPostprocessing = 0;
		};
/* End PBXResourcesBuildPhase section */

/* Begin PBXSourcesBuildPhase section */
		347E566824DF14520067F5AB /* Sources */ = {
			isa = PBXSourcesBuildPhase;
			buildActionMask = 2147483647;
			files = (
				6B5D6CEF28E0C48000D76719 /* RacesRealmModel.swift in Sources */,
				6BC8D3D126890A690010D378 /* SportsMonksAPICall.swift in Sources */,
				6BB2A8EA28D63F9100E0E504 /* QualifyingResults.swift in Sources */,
				6B5D6CE928DF686700D76719 /* SeassonsRealmModel.swift in Sources */,
				6B5D6CED28DFB83800D76719 /* DriversRealmModel.swift in Sources */,
				6B5D6CD428DF4E4E00D76719 /* PreloaderViewModel.swift in Sources */,
				6B5D6CEB28DFB51D00D76719 /* ConstructorsRealmModel.swift in Sources */,
				349E920B24EC53D400D43A8A /* APISession.swift in Sources */,
				6B5D6CD128DF4CF700D76719 /* PreLoaderView.swift in Sources */,
				6BB2A8E828D63F9100E0E504 /* Circuits.swift in Sources */,
				6BB2A8E128D63F9100E0E504 /* RaceResults.swift in Sources */,
				349E921224EC56AE00D43A8A /* Endpoints.swift in Sources */,
				341BE4F324EF02770013FF29 /* AutoColorRing.swift in Sources */,
				6BB2A8E328D63F9100E0E504 /* DriverStandings.swift in Sources */,
				6BDE65D128DBA04900592031 /* ErgastAPI.swift in Sources */,
				6B103BB726A9C72D00E32449 /* RequestBuilderProtocol.swift in Sources */,
				347E567024DF14520067F5AB /* AppDelegate.swift in Sources */,
				341BE4F124EEF8680013FF29 /* RingView.swift in Sources */,
				6BB2A8E528D63F9100E0E504 /* Laps.swift in Sources */,
				6B5D6CE528DF679E00D76719 /* ConstructorsModelLogic.swift in Sources */,
				6B5D6CDB28DF5A2B00D76719 /* DriversModelLogic.swift in Sources */,
				6BB2A8E628D63F9100E0E504 /* Drivers.swift in Sources */,
				6B5D6CF128E0CB0400D76719 /* LocationRealmModel.swift in Sources */,
				6B5D6CF528E0D06900D76719 /* AppContainerView.swift in Sources */,
				349E921024EC55E400D43A8A /* RestManager.swift in Sources */,
				6BB2A8E228D63F9100E0E504 /* PitStops.swift in Sources */,
				349E920D24EC540D00D43A8A /* APIProtocols.swift in Sources */,
				6BB2A8EB28D63F9100E0E504 /* FinishingStatus.swift in Sources */,
				6BB2A8E728D63F9100E0E504 /* Constructors.swift in Sources */,
				6B4B1D4E26B8428300BC7CCB /* ChampionshipPath.swift in Sources */,
				6BBAE12326B72058004FDD8D /* MainView.swift in Sources */,
				6B5D6CE328DF672000D76719 /* SeasonModelLogic.swift in Sources */,
				6B5D6CF828E0D14500D76719 /* AppStateViewModel.swift in Sources */,
				6BB2A8E428D63F9100E0E504 /* Seasons.swift in Sources */,
				6BC8D3CD26890A350010D378 /* ApisportsAPICall.swift in Sources */,
				6B5D6CF328E0CB2700D76719 /* CircuitRealmModel.swift in Sources */,
				6BB2A8E928D63F9100E0E504 /* RaceSchedule.swift in Sources */,
				6B5D6CD728DF5A0100D76719 /* RacesModelLogic.swift in Sources */,
				6B5D6CCF28DF419800D76719 /* RestError.swift in Sources */,
				6BDE65D428DBA15000592031 /* Constants.swift in Sources */,
			);
			runOnlyForDeploymentPostprocessing = 0;
		};
/* End PBXSourcesBuildPhase section */

/* Begin PBXVariantGroup section */
		347E567A24DF14550067F5AB /* LaunchScreen.storyboard */ = {
			isa = PBXVariantGroup;
			children = (
				347E567B24DF14550067F5AB /* Base */,
				6BD81BAF26933CFF0018AF33 /* es */,
			);
			name = LaunchScreen.storyboard;
			sourceTree = "<group>";
		};
/* End PBXVariantGroup section */

/* Begin XCBuildConfiguration section */
		347E567E24DF14550067F5AB /* Debug */ = {
			isa = XCBuildConfiguration;
			buildSettings = {
				ALWAYS_SEARCH_USER_PATHS = NO;
				CLANG_ANALYZER_LOCALIZABILITY_NONLOCALIZED = YES;
				CLANG_ANALYZER_NONNULL = YES;
				CLANG_ANALYZER_NUMBER_OBJECT_CONVERSION = YES_AGGRESSIVE;
				CLANG_CXX_LANGUAGE_STANDARD = "gnu++14";
				CLANG_CXX_LIBRARY = "libc++";
				CLANG_ENABLE_MODULES = YES;
				CLANG_ENABLE_OBJC_ARC = YES;
				CLANG_ENABLE_OBJC_WEAK = YES;
				CLANG_WARN_BLOCK_CAPTURE_AUTORELEASING = YES;
				CLANG_WARN_BOOL_CONVERSION = YES;
				CLANG_WARN_COMMA = YES;
				CLANG_WARN_CONSTANT_CONVERSION = YES;
				CLANG_WARN_DEPRECATED_OBJC_IMPLEMENTATIONS = YES;
				CLANG_WARN_DIRECT_OBJC_ISA_USAGE = YES_ERROR;
				CLANG_WARN_DOCUMENTATION_COMMENTS = YES;
				CLANG_WARN_EMPTY_BODY = YES;
				CLANG_WARN_ENUM_CONVERSION = YES;
				CLANG_WARN_INFINITE_RECURSION = YES;
				CLANG_WARN_INT_CONVERSION = YES;
				CLANG_WARN_NON_LITERAL_NULL_CONVERSION = YES;
				CLANG_WARN_OBJC_IMPLICIT_RETAIN_SELF = YES;
				CLANG_WARN_OBJC_LITERAL_CONVERSION = YES;
				CLANG_WARN_OBJC_ROOT_CLASS = YES_ERROR;
				CLANG_WARN_RANGE_LOOP_ANALYSIS = YES;
				CLANG_WARN_STRICT_PROTOTYPES = YES;
				CLANG_WARN_SUSPICIOUS_MOVE = YES;
				CLANG_WARN_UNGUARDED_AVAILABILITY = YES_AGGRESSIVE;
				CLANG_WARN_UNREACHABLE_CODE = YES;
				CLANG_WARN__DUPLICATE_METHOD_MATCH = YES;
				COPY_PHASE_STRIP = NO;
				DEBUG_INFORMATION_FORMAT = dwarf;
				ENABLE_STRICT_OBJC_MSGSEND = YES;
				ENABLE_TESTABILITY = YES;
				GCC_C_LANGUAGE_STANDARD = gnu11;
				GCC_DYNAMIC_NO_PIC = NO;
				GCC_NO_COMMON_BLOCKS = YES;
				GCC_OPTIMIZATION_LEVEL = 0;
				GCC_PREPROCESSOR_DEFINITIONS = (
					"DEBUG=1",
					"$(inherited)",
				);
				GCC_WARN_64_TO_32_BIT_CONVERSION = YES;
				GCC_WARN_ABOUT_RETURN_TYPE = YES_ERROR;
				GCC_WARN_UNDECLARED_SELECTOR = YES;
				GCC_WARN_UNINITIALIZED_AUTOS = YES_AGGRESSIVE;
				GCC_WARN_UNUSED_FUNCTION = YES;
				GCC_WARN_UNUSED_VARIABLE = YES;
				IPHONEOS_DEPLOYMENT_TARGET = 15.0;
				MTL_ENABLE_DEBUG_INFO = INCLUDE_SOURCE;
				MTL_FAST_MATH = YES;
				ONLY_ACTIVE_ARCH = YES;
				SDKROOT = iphoneos;
				SWIFT_ACTIVE_COMPILATION_CONDITIONS = DEBUG;
				SWIFT_OPTIMIZATION_LEVEL = "-Onone";
			};
			name = Debug;
		};
		347E567F24DF14550067F5AB /* Release */ = {
			isa = XCBuildConfiguration;
			buildSettings = {
				ALWAYS_SEARCH_USER_PATHS = NO;
				CLANG_ANALYZER_LOCALIZABILITY_NONLOCALIZED = YES;
				CLANG_ANALYZER_NONNULL = YES;
				CLANG_ANALYZER_NUMBER_OBJECT_CONVERSION = YES_AGGRESSIVE;
				CLANG_CXX_LANGUAGE_STANDARD = "gnu++14";
				CLANG_CXX_LIBRARY = "libc++";
				CLANG_ENABLE_MODULES = YES;
				CLANG_ENABLE_OBJC_ARC = YES;
				CLANG_ENABLE_OBJC_WEAK = YES;
				CLANG_WARN_BLOCK_CAPTURE_AUTORELEASING = YES;
				CLANG_WARN_BOOL_CONVERSION = YES;
				CLANG_WARN_COMMA = YES;
				CLANG_WARN_CONSTANT_CONVERSION = YES;
				CLANG_WARN_DEPRECATED_OBJC_IMPLEMENTATIONS = YES;
				CLANG_WARN_DIRECT_OBJC_ISA_USAGE = YES_ERROR;
				CLANG_WARN_DOCUMENTATION_COMMENTS = YES;
				CLANG_WARN_EMPTY_BODY = YES;
				CLANG_WARN_ENUM_CONVERSION = YES;
				CLANG_WARN_INFINITE_RECURSION = YES;
				CLANG_WARN_INT_CONVERSION = YES;
				CLANG_WARN_NON_LITERAL_NULL_CONVERSION = YES;
				CLANG_WARN_OBJC_IMPLICIT_RETAIN_SELF = YES;
				CLANG_WARN_OBJC_LITERAL_CONVERSION = YES;
				CLANG_WARN_OBJC_ROOT_CLASS = YES_ERROR;
				CLANG_WARN_RANGE_LOOP_ANALYSIS = YES;
				CLANG_WARN_STRICT_PROTOTYPES = YES;
				CLANG_WARN_SUSPICIOUS_MOVE = YES;
				CLANG_WARN_UNGUARDED_AVAILABILITY = YES_AGGRESSIVE;
				CLANG_WARN_UNREACHABLE_CODE = YES;
				CLANG_WARN__DUPLICATE_METHOD_MATCH = YES;
				COPY_PHASE_STRIP = NO;
				DEBUG_INFORMATION_FORMAT = "dwarf-with-dsym";
				ENABLE_NS_ASSERTIONS = NO;
				ENABLE_STRICT_OBJC_MSGSEND = YES;
				GCC_C_LANGUAGE_STANDARD = gnu11;
				GCC_NO_COMMON_BLOCKS = YES;
				GCC_WARN_64_TO_32_BIT_CONVERSION = YES;
				GCC_WARN_ABOUT_RETURN_TYPE = YES_ERROR;
				GCC_WARN_UNDECLARED_SELECTOR = YES;
				GCC_WARN_UNINITIALIZED_AUTOS = YES_AGGRESSIVE;
				GCC_WARN_UNUSED_FUNCTION = YES;
				GCC_WARN_UNUSED_VARIABLE = YES;
				IPHONEOS_DEPLOYMENT_TARGET = 15.0;
				MTL_ENABLE_DEBUG_INFO = NO;
				MTL_FAST_MATH = YES;
				SDKROOT = iphoneos;
				SWIFT_COMPILATION_MODE = wholemodule;
				SWIFT_OPTIMIZATION_LEVEL = "-O";
				VALIDATE_PRODUCT = YES;
			};
			name = Release;
		};
		347E568124DF14550067F5AB /* Debug */ = {
			isa = XCBuildConfiguration;
			buildSettings = {
				ASSETCATALOG_COMPILER_APPICON_NAME = AppIcon;
				CODE_SIGN_STYLE = Automatic;
				DEVELOPMENT_ASSET_PATHS = "\"ScoreBoard/Preview Content\"";
				DEVELOPMENT_TEAM = A24EY6XQJ9;
				ENABLE_PREVIEWS = YES;
				INFOPLIST_FILE = ScoreBoard/Info.plist;
				IPHONEOS_DEPLOYMENT_TARGET = 15.0;
				LD_RUNPATH_SEARCH_PATHS = (
					"$(inherited)",
					"@executable_path/Frameworks",
				);
				PRODUCT_BUNDLE_IDENTIFIER = tech.iflet.ScoreBoard;
				PRODUCT_NAME = "$(TARGET_NAME)";
				SWIFT_VERSION = 5.0;
				TARGETED_DEVICE_FAMILY = 1;
			};
			name = Debug;
		};
		347E568224DF14550067F5AB /* Release */ = {
			isa = XCBuildConfiguration;
			buildSettings = {
				ASSETCATALOG_COMPILER_APPICON_NAME = AppIcon;
				CODE_SIGN_STYLE = Automatic;
				DEVELOPMENT_ASSET_PATHS = "\"ScoreBoard/Preview Content\"";
				DEVELOPMENT_TEAM = A24EY6XQJ9;
				ENABLE_PREVIEWS = YES;
				INFOPLIST_FILE = ScoreBoard/Info.plist;
				IPHONEOS_DEPLOYMENT_TARGET = 15.0;
				LD_RUNPATH_SEARCH_PATHS = (
					"$(inherited)",
					"@executable_path/Frameworks",
				);
				PRODUCT_BUNDLE_IDENTIFIER = tech.iflet.ScoreBoard;
				PRODUCT_NAME = "$(TARGET_NAME)";
				SWIFT_VERSION = 5.0;
				TARGETED_DEVICE_FAMILY = 1;
			};
			name = Release;
		};
/* End XCBuildConfiguration section */

/* Begin XCConfigurationList section */
		347E566724DF14520067F5AB /* Build configuration list for PBXProject "ScoreBoard" */ = {
			isa = XCConfigurationList;
			buildConfigurations = (
				347E567E24DF14550067F5AB /* Debug */,
				347E567F24DF14550067F5AB /* Release */,
			);
			defaultConfigurationIsVisible = 0;
			defaultConfigurationName = Release;
		};
		347E568024DF14550067F5AB /* Build configuration list for PBXNativeTarget "ScoreBoard" */ = {
			isa = XCConfigurationList;
			buildConfigurations = (
				347E568124DF14550067F5AB /* Debug */,
				347E568224DF14550067F5AB /* Release */,
			);
			defaultConfigurationIsVisible = 0;
			defaultConfigurationName = Release;
		};
/* End XCConfigurationList section */

/* Begin XCRemoteSwiftPackageReference section */
		6B5D6CDD28DF5F5600D76719 /* XCRemoteSwiftPackageReference "realm-swift" */ = {
			isa = XCRemoteSwiftPackageReference;
			repositoryURL = "https://github.com/realm/realm-swift.git";
			requirement = {
				kind = upToNextMajorVersion;
				minimumVersion = 10.0.0;
			};
		};
		6BB2A8EC28D641DA00E0E504 /* XCRemoteSwiftPackageReference "Alamofire" */ = {
			isa = XCRemoteSwiftPackageReference;
			repositoryURL = "https://github.com/Alamofire/Alamofire.git";
			requirement = {
				kind = upToNextMajorVersion;
				minimumVersion = 5.0.0;
			};
		};
		6BB2A8F428D7A9FA00E0E504 /* XCRemoteSwiftPackageReference "firebase-ios-sdk" */ = {
			isa = XCRemoteSwiftPackageReference;
			repositoryURL = "https://github.com/firebase/firebase-ios-sdk";
			requirement = {
				kind = upToNextMajorVersion;
				minimumVersion = 9.0.0;
			};
		};
/* End XCRemoteSwiftPackageReference section */

/* Begin XCSwiftPackageProductDependency section */
		6B5D6CDE28DF5F5600D76719 /* Realm */ = {
			isa = XCSwiftPackageProductDependency;
			package = 6B5D6CDD28DF5F5600D76719 /* XCRemoteSwiftPackageReference "realm-swift" */;
			productName = Realm;
		};
		6B5D6CE028DF5F5600D76719 /* RealmSwift */ = {
			isa = XCSwiftPackageProductDependency;
			package = 6B5D6CDD28DF5F5600D76719 /* XCRemoteSwiftPackageReference "realm-swift" */;
			productName = RealmSwift;
		};
		6BB2A8ED28D641DA00E0E504 /* Alamofire */ = {
			isa = XCSwiftPackageProductDependency;
			package = 6BB2A8EC28D641DA00E0E504 /* XCRemoteSwiftPackageReference "Alamofire" */;
			productName = Alamofire;
		};
		6BB2A8F528D7A9FA00E0E504 /* FirebaseAnalyticsSwift */ = {
			isa = XCSwiftPackageProductDependency;
			package = 6BB2A8F428D7A9FA00E0E504 /* XCRemoteSwiftPackageReference "firebase-ios-sdk" */;
			productName = FirebaseAnalyticsSwift;
		};
		6BB2A8F728D7A9FA00E0E504 /* FirebaseAuth */ = {
			isa = XCSwiftPackageProductDependency;
			package = 6BB2A8F428D7A9FA00E0E504 /* XCRemoteSwiftPackageReference "firebase-ios-sdk" */;
			productName = FirebaseAuth;
		};
		6BB2A8F928D7A9FA00E0E504 /* FirebaseCrashlytics */ = {
			isa = XCSwiftPackageProductDependency;
			package = 6BB2A8F428D7A9FA00E0E504 /* XCRemoteSwiftPackageReference "firebase-ios-sdk" */;
			productName = FirebaseCrashlytics;
		};
		6BB2A8FB28D7A9FA00E0E504 /* FirebaseDynamicLinks */ = {
			isa = XCSwiftPackageProductDependency;
			package = 6BB2A8F428D7A9FA00E0E504 /* XCRemoteSwiftPackageReference "firebase-ios-sdk" */;
			productName = FirebaseDynamicLinks;
		};
		6BB2A8FD28D7A9FA00E0E504 /* FirebaseFirestoreSwift */ = {
			isa = XCSwiftPackageProductDependency;
			package = 6BB2A8F428D7A9FA00E0E504 /* XCRemoteSwiftPackageReference "firebase-ios-sdk" */;
			productName = FirebaseFirestoreSwift;
		};
		6BB2A8FF28D7A9FA00E0E504 /* FirebaseInAppMessagingSwift-Beta */ = {
			isa = XCSwiftPackageProductDependency;
			package = 6BB2A8F428D7A9FA00E0E504 /* XCRemoteSwiftPackageReference "firebase-ios-sdk" */;
			productName = "FirebaseInAppMessagingSwift-Beta";
		};
		6BB2A90128D7A9FA00E0E504 /* FirebaseRemoteConfigSwift */ = {
			isa = XCSwiftPackageProductDependency;
			package = 6BB2A8F428D7A9FA00E0E504 /* XCRemoteSwiftPackageReference "firebase-ios-sdk" */;
			productName = FirebaseRemoteConfigSwift;
		};
/* End XCSwiftPackageProductDependency section */
	};
	rootObject = 347E566424DF14520067F5AB /* Project object */;
}
